// !$*UTF8*$!
{
	archiveVersion = 1;
	classes = {
	};
	objectVersion = 56;
	objects = {

/* Begin PBXBuildFile section */
		B7378D802BFA602D008BBB2D /* ExpenseTrackerApp.swift in Sources */ = {isa = PBXBuildFile; fileRef = B7378D7F2BFA602D008BBB2D /* ExpenseTrackerApp.swift */; };
		B7378D822BFA602D008BBB2D /* MainView.swift in Sources */ = {isa = PBXBuildFile; fileRef = B7378D812BFA602D008BBB2D /* MainView.swift */; };
		B7378D842BFA602E008BBB2D /* Assets.xcassets in Resources */ = {isa = PBXBuildFile; fileRef = B7378D832BFA602E008BBB2D /* Assets.xcassets */; };
		B7378D872BFA602E008BBB2D /* Preview Assets.xcassets in Resources */ = {isa = PBXBuildFile; fileRef = B7378D862BFA602E008BBB2D /* Preview Assets.xcassets */; };
		B7378D8E2BFA6139008BBB2D /* Extensions.swift in Sources */ = {isa = PBXBuildFile; fileRef = B7378D8D2BFA6139008BBB2D /* Extensions.swift */; };
		B7378D922BFA652D008BBB2D /* TransactionModel.swift in Sources */ = {isa = PBXBuildFile; fileRef = B7378D912BFA652D008BBB2D /* TransactionModel.swift */; };
		B7378D942BFA662D008BBB2D /* PreviewData.swift in Sources */ = {isa = PBXBuildFile; fileRef = B7378D932BFA662D008BBB2D /* PreviewData.swift */; };
		B7378D962BFA67B3008BBB2D /* TransactionRow.swift in Sources */ = {isa = PBXBuildFile; fileRef = B7378D952BFA67B3008BBB2D /* TransactionRow.swift */; };
		B7378D992BFA6BD1008BBB2D /* SwiftUIFontIcon in Frameworks */ = {isa = PBXBuildFile; productRef = B7378D982BFA6BD1008BBB2D /* SwiftUIFontIcon */; };
		B7378D9B2BFA6C4B008BBB2D /* TransactionListViewModel.swift in Sources */ = {isa = PBXBuildFile; fileRef = B7378D9A2BFA6C4B008BBB2D /* TransactionListViewModel.swift */; };
		B7378D9D2BFA74E2008BBB2D /* RecentTransactionList.swift in Sources */ = {isa = PBXBuildFile; fileRef = B7378D9C2BFA74E2008BBB2D /* RecentTransactionList.swift */; };
		B7FB11142BFC1128000F592D /* TransactionList.swift in Sources */ = {isa = PBXBuildFile; fileRef = B7FB11132BFC1128000F592D /* TransactionList.swift */; };
		B7FB11172BFC14C7000F592D /* Collections in Frameworks */ = {isa = PBXBuildFile; productRef = B7FB11162BFC14C7000F592D /* Collections */; };
		B7FB11212BFC22BF000F592D /* SwiftUICharts in Frameworks */ = {isa = PBXBuildFile; productRef = B7FB11202BFC22BF000F592D /* SwiftUICharts */; };
/* End PBXBuildFile section */

/* Begin PBXFileReference section */
		B7378D7C2BFA602D008BBB2D /* ExpenseTracker.app */ = {isa = PBXFileReference; explicitFileType = wrapper.application; includeInIndex = 0; path = ExpenseTracker.app; sourceTree = BUILT_PRODUCTS_DIR; };
		B7378D7F2BFA602D008BBB2D /* ExpenseTrackerApp.swift */ = {isa = PBXFileReference; lastKnownFileType = sourcecode.swift; path = ExpenseTrackerApp.swift; sourceTree = "<group>"; };
		B7378D812BFA602D008BBB2D /* MainView.swift */ = {isa = PBXFileReference; lastKnownFileType = sourcecode.swift; path = MainView.swift; sourceTree = "<group>"; };
		B7378D832BFA602E008BBB2D /* Assets.xcassets */ = {isa = PBXFileReference; lastKnownFileType = folder.assetcatalog; path = Assets.xcassets; sourceTree = "<group>"; };
		B7378D862BFA602E008BBB2D /* Preview Assets.xcassets */ = {isa = PBXFileReference; lastKnownFileType = folder.assetcatalog; path = "Preview Assets.xcassets"; sourceTree = "<group>"; };
		B7378D8D2BFA6139008BBB2D /* Extensions.swift */ = {isa = PBXFileReference; lastKnownFileType = sourcecode.swift; path = Extensions.swift; sourceTree = "<group>"; };
		B7378D912BFA652D008BBB2D /* TransactionModel.swift */ = {isa = PBXFileReference; lastKnownFileType = sourcecode.swift; path = TransactionModel.swift; sourceTree = "<group>"; };
		B7378D932BFA662D008BBB2D /* PreviewData.swift */ = {isa = PBXFileReference; lastKnownFileType = sourcecode.swift; path = PreviewData.swift; sourceTree = "<group>"; };
		B7378D952BFA67B3008BBB2D /* TransactionRow.swift */ = {isa = PBXFileReference; lastKnownFileType = sourcecode.swift; path = TransactionRow.swift; sourceTree = "<group>"; };
		B7378D9A2BFA6C4B008BBB2D /* TransactionListViewModel.swift */ = {isa = PBXFileReference; lastKnownFileType = sourcecode.swift; path = TransactionListViewModel.swift; sourceTree = "<group>"; };
		B7378D9C2BFA74E2008BBB2D /* RecentTransactionList.swift */ = {isa = PBXFileReference; lastKnownFileType = sourcecode.swift; path = RecentTransactionList.swift; sourceTree = "<group>"; };
		B7FB11132BFC1128000F592D /* TransactionList.swift */ = {isa = PBXFileReference; lastKnownFileType = sourcecode.swift; path = TransactionList.swift; sourceTree = "<group>"; };
/* End PBXFileReference section */

/* Begin PBXFrameworksBuildPhase section */
		B7378D792BFA602D008BBB2D /* Frameworks */ = {
			isa = PBXFrameworksBuildPhase;
			buildActionMask = 2147483647;
			files = (
				B7FB11212BFC22BF000F592D /* SwiftUICharts in Frameworks */,
				B7FB11172BFC14C7000F592D /* Collections in Frameworks */,
				B7378D992BFA6BD1008BBB2D /* SwiftUIFontIcon in Frameworks */,
			);
			runOnlyForDeploymentPostprocessing = 0;
		};
/* End PBXFrameworksBuildPhase section */

/* Begin PBXGroup section */
		B7378D732BFA602D008BBB2D = {
			isa = PBXGroup;
			children = (
				B7378D7E2BFA602D008BBB2D /* ExpenseTracker */,
				B7378D7D2BFA602D008BBB2D /* Products */,
				B7FB111B2BFC1C61000F592D /* Frameworks */,
			);
			sourceTree = "<group>";
		};
		B7378D7D2BFA602D008BBB2D /* Products */ = {
			isa = PBXGroup;
			children = (
				B7378D7C2BFA602D008BBB2D /* ExpenseTracker.app */,
			);
			name = Products;
			sourceTree = "<group>";
		};
		B7378D7E2BFA602D008BBB2D /* ExpenseTracker */ = {
			isa = PBXGroup;
			children = (
				B7378D7F2BFA602D008BBB2D /* ExpenseTrackerApp.swift */,
				B7378D812BFA602D008BBB2D /* MainView.swift */,
				B7378D9C2BFA74E2008BBB2D /* RecentTransactionList.swift */,
				B7378D952BFA67B3008BBB2D /* TransactionRow.swift */,
				B7378D9A2BFA6C4B008BBB2D /* TransactionListViewModel.swift */,
				B7378D8D2BFA6139008BBB2D /* Extensions.swift */,
				B7378D912BFA652D008BBB2D /* TransactionModel.swift */,
				B7FB11132BFC1128000F592D /* TransactionList.swift */,
				B7378D832BFA602E008BBB2D /* Assets.xcassets */,
				B7378D852BFA602E008BBB2D /* Preview Content */,
			);
			path = ExpenseTracker;
			sourceTree = "<group>";
		};
		B7378D852BFA602E008BBB2D /* Preview Content */ = {
			isa = PBXGroup;
			children = (
				B7378D862BFA602E008BBB2D /* Preview Assets.xcassets */,
				B7378D932BFA662D008BBB2D /* PreviewData.swift */,
			);
			path = "Preview Content";
			sourceTree = "<group>";
		};
		B7FB111B2BFC1C61000F592D /* Frameworks */ = {
			isa = PBXGroup;
			children = (
			);
			name = Frameworks;
			sourceTree = "<group>";
		};
/* End PBXGroup section */

/* Begin PBXNativeTarget section */
		B7378D7B2BFA602D008BBB2D /* ExpenseTracker */ = {
			isa = PBXNativeTarget;
			buildConfigurationList = B7378D8A2BFA602E008BBB2D /* Build configuration list for PBXNativeTarget "ExpenseTracker" */;
			buildPhases = (
				B7378D782BFA602D008BBB2D /* Sources */,
				B7378D792BFA602D008BBB2D /* Frameworks */,
				B7378D7A2BFA602D008BBB2D /* Resources */,
			);
			buildRules = (
			);
			dependencies = (
			);
			name = ExpenseTracker;
			packageProductDependencies = (
				B7378D982BFA6BD1008BBB2D /* SwiftUIFontIcon */,
				B7FB11162BFC14C7000F592D /* Collections */,
				B7FB11202BFC22BF000F592D /* SwiftUICharts */,
			);
			productName = ExpenseTracker;
			productReference = B7378D7C2BFA602D008BBB2D /* ExpenseTracker.app */;
			productType = "com.apple.product-type.application";
		};
/* End PBXNativeTarget section */

/* Begin PBXProject section */
		B7378D742BFA602D008BBB2D /* Project object */ = {
			isa = PBXProject;
			attributes = {
				BuildIndependentTargetsInParallel = 1;
				LastSwiftUpdateCheck = 1540;
				LastUpgradeCheck = 1540;
				TargetAttributes = {
					B7378D7B2BFA602D008BBB2D = {
						CreatedOnToolsVersion = 15.4;
					};
				};
			};
			buildConfigurationList = B7378D772BFA602D008BBB2D /* Build configuration list for PBXProject "ExpenseTracker" */;
			compatibilityVersion = "Xcode 14.0";
			developmentRegion = en;
			hasScannedForEncodings = 0;
			knownRegions = (
				en,
				Base,
			);
			mainGroup = B7378D732BFA602D008BBB2D;
			packageReferences = (
				B7378D972BFA6BD1008BBB2D /* XCRemoteSwiftPackageReference "SwiftUIFontIcon" */,
				B7FB11152BFC14C7000F592D /* XCRemoteSwiftPackageReference "swift-collections" */,
				B7FB111F2BFC22BF000F592D /* XCRemoteSwiftPackageReference "ChartView" */,
			);
			productRefGroup = B7378D7D2BFA602D008BBB2D /* Products */;
			projectDirPath = "";
			projectRoot = "";
			targets = (
				B7378D7B2BFA602D008BBB2D /* ExpenseTracker */,
			);
		};
/* End PBXProject section */

/* Begin PBXResourcesBuildPhase section */
		B7378D7A2BFA602D008BBB2D /* Resources */ = {
			isa = PBXResourcesBuildPhase;
			buildActionMask = 2147483647;
			files = (
				B7378D872BFA602E008BBB2D /* Preview Assets.xcassets in Resources */,
				B7378D842BFA602E008BBB2D /* Assets.xcassets in Resources */,
			);
			runOnlyForDeploymentPostprocessing = 0;
		};
/* End PBXResourcesBuildPhase section */

/* Begin PBXSourcesBuildPhase section */
		B7378D782BFA602D008BBB2D /* Sources */ = {
			isa = PBXSourcesBuildPhase;
			buildActionMask = 2147483647;
			files = (
				B7378D942BFA662D008BBB2D /* PreviewData.swift in Sources */,
				B7FB11142BFC1128000F592D /* TransactionList.swift in Sources */,
				B7378D9D2BFA74E2008BBB2D /* RecentTransactionList.swift in Sources */,
				B7378D922BFA652D008BBB2D /* TransactionModel.swift in Sources */,
				B7378D822BFA602D008BBB2D /* MainView.swift in Sources */,
				B7378D962BFA67B3008BBB2D /* TransactionRow.swift in Sources */,
				B7378D8E2BFA6139008BBB2D /* Extensions.swift in Sources */,
				B7378D9B2BFA6C4B008BBB2D /* TransactionListViewModel.swift in Sources */,
				B7378D802BFA602D008BBB2D /* ExpenseTrackerApp.swift in Sources */,
			);
			runOnlyForDeploymentPostprocessing = 0;
		};
/* End PBXSourcesBuildPhase section */

/* Begin XCBuildConfiguration section */
		B7378D882BFA602E008BBB2D /* Debug */ = {
			isa = XCBuildConfiguration;
			buildSettings = {
				ALWAYS_SEARCH_USER_PATHS = NO;
				ASSETCATALOG_COMPILER_GENERATE_SWIFT_ASSET_SYMBOL_EXTENSIONS = YES;
				CLANG_ANALYZER_NONNULL = YES;
				CLANG_ANALYZER_NUMBER_OBJECT_CONVERSION = YES_AGGRESSIVE;
				CLANG_CXX_LANGUAGE_STANDARD = "gnu++20";
				CLANG_ENABLE_MODULES = YES;
				CLANG_ENABLE_OBJC_ARC = YES;
				CLANG_ENABLE_OBJC_WEAK = YES;
				CLANG_WARN_BLOCK_CAPTURE_AUTORELEASING = YES;
				CLANG_WARN_BOOL_CONVERSION = YES;
				CLANG_WARN_COMMA = YES;
				CLANG_WARN_CONSTANT_CONVERSION = YES;
				CLANG_WARN_DEPRECATED_OBJC_IMPLEMENTATIONS = YES;
				CLANG_WARN_DIRECT_OBJC_ISA_USAGE = YES_ERROR;
				CLANG_WARN_DOCUMENTATION_COMMENTS = YES;
				CLANG_WARN_EMPTY_BODY = YES;
				CLANG_WARN_ENUM_CONVERSION = YES;
				CLANG_WARN_INFINITE_RECURSION = YES;
				CLANG_WARN_INT_CONVERSION = YES;
				CLANG_WARN_NON_LITERAL_NULL_CONVERSION = YES;
				CLANG_WARN_OBJC_IMPLICIT_RETAIN_SELF = YES;
				CLANG_WARN_OBJC_LITERAL_CONVERSION = YES;
				CLANG_WARN_OBJC_ROOT_CLASS = YES_ERROR;
				CLANG_WARN_QUOTED_INCLUDE_IN_FRAMEWORK_HEADER = YES;
				CLANG_WARN_RANGE_LOOP_ANALYSIS = YES;
				CLANG_WARN_STRICT_PROTOTYPES = YES;
				CLANG_WARN_SUSPICIOUS_MOVE = YES;
				CLANG_WARN_UNGUARDED_AVAILABILITY = YES_AGGRESSIVE;
				CLANG_WARN_UNREACHABLE_CODE = YES;
				CLANG_WARN__DUPLICATE_METHOD_MATCH = YES;
				COPY_PHASE_STRIP = NO;
				DEBUG_INFORMATION_FORMAT = dwarf;
				ENABLE_STRICT_OBJC_MSGSEND = YES;
				ENABLE_TESTABILITY = YES;
				ENABLE_USER_SCRIPT_SANDBOXING = YES;
				GCC_C_LANGUAGE_STANDARD = gnu17;
				GCC_DYNAMIC_NO_PIC = NO;
				GCC_NO_COMMON_BLOCKS = YES;
				GCC_OPTIMIZATION_LEVEL = 0;
				GCC_PREPROCESSOR_DEFINITIONS = (
					"DEBUG=1",
					"$(inherited)",
				);
				GCC_WARN_64_TO_32_BIT_CONVERSION = YES;
				GCC_WARN_ABOUT_RETURN_TYPE = YES_ERROR;
				GCC_WARN_UNDECLARED_SELECTOR = YES;
				GCC_WARN_UNINITIALIZED_AUTOS = YES_AGGRESSIVE;
				GCC_WARN_UNUSED_FUNCTION = YES;
				GCC_WARN_UNUSED_VARIABLE = YES;
				IPHONEOS_DEPLOYMENT_TARGET = 17.5;
				LOCALIZATION_PREFERS_STRING_CATALOGS = YES;
				MTL_ENABLE_DEBUG_INFO = INCLUDE_SOURCE;
				MTL_FAST_MATH = YES;
				ONLY_ACTIVE_ARCH = YES;
				SDKROOT = iphoneos;
				SWIFT_ACTIVE_COMPILATION_CONDITIONS = "DEBUG $(inherited)";
				SWIFT_OPTIMIZATION_LEVEL = "-Onone";
			};
			name = Debug;
		};
		B7378D892BFA602E008BBB2D /* Release */ = {
			isa = XCBuildConfiguration;
			buildSettings = {
				ALWAYS_SEARCH_USER_PATHS = NO;
				ASSETCATALOG_COMPILER_GENERATE_SWIFT_ASSET_SYMBOL_EXTENSIONS = YES;
				CLANG_ANALYZER_NONNULL = YES;
				CLANG_ANALYZER_NUMBER_OBJECT_CONVERSION = YES_AGGRESSIVE;
				CLANG_CXX_LANGUAGE_STANDARD = "gnu++20";
				CLANG_ENABLE_MODULES = YES;
				CLANG_ENABLE_OBJC_ARC = YES;
				CLANG_ENABLE_OBJC_WEAK = YES;
				CLANG_WARN_BLOCK_CAPTURE_AUTORELEASING = YES;
				CLANG_WARN_BOOL_CONVERSION = YES;
				CLANG_WARN_COMMA = YES;
				CLANG_WARN_CONSTANT_CONVERSION = YES;
				CLANG_WARN_DEPRECATED_OBJC_IMPLEMENTATIONS = YES;
				CLANG_WARN_DIRECT_OBJC_ISA_USAGE = YES_ERROR;
				CLANG_WARN_DOCUMENTATION_COMMENTS = YES;
				CLANG_WARN_EMPTY_BODY = YES;
				CLANG_WARN_ENUM_CONVERSION = YES;
				CLANG_WARN_INFINITE_RECURSION = YES;
				CLANG_WARN_INT_CONVERSION = YES;
				CLANG_WARN_NON_LITERAL_NULL_CONVERSION = YES;
				CLANG_WARN_OBJC_IMPLICIT_RETAIN_SELF = YES;
				CLANG_WARN_OBJC_LITERAL_CONVERSION = YES;
				CLANG_WARN_OBJC_ROOT_CLASS = YES_ERROR;
				CLANG_WARN_QUOTED_INCLUDE_IN_FRAMEWORK_HEADER = YES;
				CLANG_WARN_RANGE_LOOP_ANALYSIS = YES;
				CLANG_WARN_STRICT_PROTOTYPES = YES;
				CLANG_WARN_SUSPICIOUS_MOVE = YES;
				CLANG_WARN_UNGUARDED_AVAILABILITY = YES_AGGRESSIVE;
				CLANG_WARN_UNREACHABLE_CODE = YES;
				CLANG_WARN__DUPLICATE_METHOD_MATCH = YES;
				COPY_PHASE_STRIP = NO;
				DEBUG_INFORMATION_FORMAT = "dwarf-with-dsym";
				ENABLE_NS_ASSERTIONS = NO;
				ENABLE_STRICT_OBJC_MSGSEND = YES;
				ENABLE_USER_SCRIPT_SANDBOXING = YES;
				GCC_C_LANGUAGE_STANDARD = gnu17;
				GCC_NO_COMMON_BLOCKS = YES;
				GCC_WARN_64_TO_32_BIT_CONVERSION = YES;
				GCC_WARN_ABOUT_RETURN_TYPE = YES_ERROR;
				GCC_WARN_UNDECLARED_SELECTOR = YES;
				GCC_WARN_UNINITIALIZED_AUTOS = YES_AGGRESSIVE;
				GCC_WARN_UNUSED_FUNCTION = YES;
				GCC_WARN_UNUSED_VARIABLE = YES;
				IPHONEOS_DEPLOYMENT_TARGET = 17.5;
				LOCALIZATION_PREFERS_STRING_CATALOGS = YES;
				MTL_ENABLE_DEBUG_INFO = NO;
				MTL_FAST_MATH = YES;
				SDKROOT = iphoneos;
				SWIFT_COMPILATION_MODE = wholemodule;
				VALIDATE_PRODUCT = YES;
			};
			name = Release;
		};
		B7378D8B2BFA602E008BBB2D /* Debug */ = {
			isa = XCBuildConfiguration;
			buildSettings = {
				ASSETCATALOG_COMPILER_APPICON_NAME = AppIcon;
				ASSETCATALOG_COMPILER_GLOBAL_ACCENT_COLOR_NAME = AccentColor;
				CODE_SIGN_STYLE = Automatic;
				CURRENT_PROJECT_VERSION = 1;
				DEVELOPMENT_ASSET_PATHS = "\"ExpenseTracker/Preview Content\"";
				DEVELOPMENT_TEAM = FZMB38MQ7K;
				ENABLE_PREVIEWS = YES;
				GENERATE_INFOPLIST_FILE = YES;
				INFOPLIST_KEY_UIApplicationSceneManifest_Generation = YES;
				INFOPLIST_KEY_UIApplicationSupportsIndirectInputEvents = YES;
				INFOPLIST_KEY_UILaunchScreen_Generation = YES;
				INFOPLIST_KEY_UISupportedInterfaceOrientations_iPad = "UIInterfaceOrientationPortrait UIInterfaceOrientationPortraitUpsideDown UIInterfaceOrientationLandscapeLeft UIInterfaceOrientationLandscapeRight";
				INFOPLIST_KEY_UISupportedInterfaceOrientations_iPhone = "UIInterfaceOrientationPortrait UIInterfaceOrientationLandscapeLeft UIInterfaceOrientationLandscapeRight";
				LD_RUNPATH_SEARCH_PATHS = (
					"$(inherited)",
					"@executable_path/Frameworks",
				);
				MARKETING_VERSION = 1.0;
				PRODUCT_BUNDLE_IDENTIFIER = RealApps.ExpenseTracker;
				PRODUCT_NAME = "$(TARGET_NAME)";
				SWIFT_EMIT_LOC_STRINGS = YES;
				SWIFT_VERSION = 5.0;
				TARGETED_DEVICE_FAMILY = "1,2";
			};
			name = Debug;
		};
		B7378D8C2BFA602E008BBB2D /* Release */ = {
			isa = XCBuildConfiguration;
			buildSettings = {
				ASSETCATALOG_COMPILER_APPICON_NAME = AppIcon;
				ASSETCATALOG_COMPILER_GLOBAL_ACCENT_COLOR_NAME = AccentColor;
				CODE_SIGN_STYLE = Automatic;
				CURRENT_PROJECT_VERSION = 1;
				DEVELOPMENT_ASSET_PATHS = "\"ExpenseTracker/Preview Content\"";
				DEVELOPMENT_TEAM = FZMB38MQ7K;
				ENABLE_PREVIEWS = YES;
				GENERATE_INFOPLIST_FILE = YES;
				INFOPLIST_KEY_UIApplicationSceneManifest_Generation = YES;
				INFOPLIST_KEY_UIApplicationSupportsIndirectInputEvents = YES;
				INFOPLIST_KEY_UILaunchScreen_Generation = YES;
				INFOPLIST_KEY_UISupportedInterfaceOrientations_iPad = "UIInterfaceOrientationPortrait UIInterfaceOrientationPortraitUpsideDown UIInterfaceOrientationLandscapeLeft UIInterfaceOrientationLandscapeRight";
				INFOPLIST_KEY_UISupportedInterfaceOrientations_iPhone = "UIInterfaceOrientationPortrait UIInterfaceOrientationLandscapeLeft UIInterfaceOrientationLandscapeRight";
				LD_RUNPATH_SEARCH_PATHS = (
					"$(inherited)",
					"@executable_path/Frameworks",
				);
				MARKETING_VERSION = 1.0;
				PRODUCT_BUNDLE_IDENTIFIER = RealApps.ExpenseTracker;
				PRODUCT_NAME = "$(TARGET_NAME)";
				SWIFT_EMIT_LOC_STRINGS = YES;
				SWIFT_VERSION = 5.0;
				TARGETED_DEVICE_FAMILY = "1,2";
			};
			name = Release;
		};
/* End XCBuildConfiguration section */

/* Begin XCConfigurationList section */
		B7378D772BFA602D008BBB2D /* Build configuration list for PBXProject "ExpenseTracker" */ = {
			isa = XCConfigurationList;
			buildConfigurations = (
				B7378D882BFA602E008BBB2D /* Debug */,
				B7378D892BFA602E008BBB2D /* Release */,
			);
			defaultConfigurationIsVisible = 0;
			defaultConfigurationName = Release;
		};
		B7378D8A2BFA602E008BBB2D /* Build configuration list for PBXNativeTarget "ExpenseTracker" */ = {
			isa = XCConfigurationList;
			buildConfigurations = (
				B7378D8B2BFA602E008BBB2D /* Debug */,
				B7378D8C2BFA602E008BBB2D /* Release */,
			);
			defaultConfigurationIsVisible = 0;
			defaultConfigurationName = Release;
		};
/* End XCConfigurationList section */

/* Begin XCRemoteSwiftPackageReference section */
		B7378D972BFA6BD1008BBB2D /* XCRemoteSwiftPackageReference "SwiftUIFontIcon" */ = {
			isa = XCRemoteSwiftPackageReference;
			repositoryURL = "https://github.com/huybuidac/SwiftUIFontIcon";
			requirement = {
				branch = master;
				kind = branch;
			};
		};
		B7FB11152BFC14C7000F592D /* XCRemoteSwiftPackageReference "swift-collections" */ = {
			isa = XCRemoteSwiftPackageReference;
			repositoryURL = "https://github.com/apple/swift-collections.git";
			requirement = {
				kind = upToNextMajorVersion;
				minimumVersion = 1.1.0;
			};
		};
		B7FB111F2BFC22BF000F592D /* XCRemoteSwiftPackageReference "ChartView" */ = {
			isa = XCRemoteSwiftPackageReference;
			repositoryURL = "https://github.com/AppPear/ChartView.git";
			requirement = {
				kind = exactVersion;
				version = "2.0.0-beta.2";
			};
		};
/* End XCRemoteSwiftPackageReference section */

/* Begin XCSwiftPackageProductDependency section */
		B7378D982BFA6BD1008BBB2D /* SwiftUIFontIcon */ = {
			isa = XCSwiftPackageProductDependency;
			package = B7378D972BFA6BD1008BBB2D /* XCRemoteSwiftPackageReference "SwiftUIFontIcon" */;
			productName = SwiftUIFontIcon;
		};
		B7FB11162BFC14C7000F592D /* Collections */ = {
			isa = XCSwiftPackageProductDependency;
			package = B7FB11152BFC14C7000F592D /* XCRemoteSwiftPackageReference "swift-collections" */;
			productName = Collections;
		};
		B7FB11202BFC22BF000F592D /* SwiftUICharts */ = {
			isa = XCSwiftPackageProductDependency;
			package = B7FB111F2BFC22BF000F592D /* XCRemoteSwiftPackageReference "ChartView" */;
			productName = SwiftUICharts;
		};
/* End XCSwiftPackageProductDependency section */
	};
	rootObject = B7378D742BFA602D008BBB2D /* Project object */;
}
